<?xml version="1.0" encoding="utf-8"?>
<Project ToolsVersion="16.0" xmlns="http://schemas.microsoft.com/developer/msbuild/2003">
  <ItemGroup>
    <ClCompile Include="D:\study\whres7.5\src\wherescrypto_autogen\mocs_compilation.cpp">
      <Filter>Source Files</Filter>
    </ClCompile>
    <ClCompile Include="D:\study\whres7.5\src\Backlog.cpp">
      <Filter>Source Files</Filter>
    </ClCompile>
    <ClCompile Include="D:\study\whres7.5\src\BlockPermutationEvaluator.cpp">
      <Filter>Source Files</Filter>
    </ClCompile>
    <ClCompile Include="D:\study\whres7.5\src\Broker.cpp">
      <Filter>Source Files</Filter>
    </ClCompile>
    <ClCompile Include="D:\study\whres7.5\src\Condition.cpp">
      <Filter>Source Files</Filter>
    </ClCompile>
    <ClCompile Include="D:\study\whres7.5\src\ControlDialog.cpp">
      <Filter>Source Files</Filter>
    </ClCompile>
    <ClCompile Include="D:\study\whres7.5\src\DFGDisplay.cpp">
      <Filter>Source Files</Filter>
    </ClCompile>
    <ClCompile Include="D:\study\whres7.5\src\DFGNode.cpp">
      <Filter>Source Files</Filter>
    </ClCompile>
    <ClCompile Include="D:\study\whres7.5\src\DFGraph.cpp">
      <Filter>Source Files</Filter>
    </ClCompile>
    <ClCompile Include="D:\study\whres7.5\src\FunctionList.cpp">
      <Filter>Source Files</Filter>
    </ClCompile>
    <ClCompile Include="D:\study\whres7.5\src\PathOracle.cpp">
      <Filter>Source Files</Filter>
    </ClCompile>
    <ClCompile Include="D:\study\whres7.5\src\Predicate.cpp">
      <Filter>Source Files</Filter>
    </ClCompile>
    <ClCompile Include="D:\study\whres7.5\src\SignatureEvaluator.cpp">
      <Filter>Source Files</Filter>
    </ClCompile>
    <ClCompile Include="D:\study\whres7.5\src\SignatureParser.cpp">
      <Filter>Source Files</Filter>
    </ClCompile>
    <ClCompile Include="D:\study\whres7.5\src\SlidingStackedWidget.cpp">
      <Filter>Source Files</Filter>
    </ClCompile>
    <ClCompile Include="D:\study\whres7.5\src\ThreadPool.cpp">
      <Filter>Source Files</Filter>
    </ClCompile>
    <ClCompile Include="D:\study\whres7.5\src\wherescrypto_autogen\EWIEGA46WW\qrc_Resource.cpp">
      <Filter>Source Files</Filter>
    </ClCompile>
    <ClCompile Include="Plugin.cpp">
      <Filter>Source Files</Filter>
    </ClCompile>
    <ClCompile Include="Arm.cpp">
      <Filter>Source Files</Filter>
    </ClCompile>
  </ItemGroup>
  <ItemGroup>
    <ClInclude Include="D:\study\whres7.5\src\AnalysisResult.hpp">
      <Filter>Header Files</Filter>
    </ClInclude>
    <ClInclude Include="D:\study\whres7.5\src\Backlog.hpp">
      <Filter>Header Files</Filter>
    </ClInclude>
    <ClInclude Include="D:\study\whres7.5\src\BlockPermutationEvaluator.hpp">
      <Filter>Header Files</Filter>
    </ClInclude>
    <ClInclude Include="D:\study\whres7.5\src\Broker.hpp">
      <Filter>Header Files</Filter>
    </ClInclude>
    <ClInclude Include="D:\study\whres7.5\src\common.hpp">
      <Filter>Header Files</Filter>
    </ClInclude>
    <ClInclude Include="D:\study\whres7.5\src\Condition.hpp">
      <Filter>Header Files</Filter>
    </ClInclude>
    <ClInclude Include="D:\study\whres7.5\src\ControlDialog.hpp">
      <Filter>Header Files</Filter>
    </ClInclude>
    <ClInclude Include="D:\study\whres7.5\src\DFGDisplay.hpp">
      <Filter>Header Files</Filter>
    </ClInclude>
    <ClInclude Include="D:\study\whres7.5\src\DFGNode.hpp">
      <Filter>Header Files</Filter>
    </ClInclude>
    <ClInclude Include="D:\study\whres7.5\src\DFGraph.hpp">
      <Filter>Header Files</Filter>
    </ClInclude>
    <ClInclude Include="D:\study\whres7.5\src\FunctionList.hpp">
      <Filter>Header Files</Filter>
    </ClInclude>
    <ClInclude Include="D:\study\whres7.5\src\PathOracle.hpp">
      <Filter>Header Files</Filter>
    </ClInclude>
    <ClInclude Include="D:\study\whres7.5\src\Predicate.hpp">
      <Filter>Header Files</Filter>
    </ClInclude>
    <ClInclude Include="D:\study\whres7.5\src\Processor.hpp">
      <Filter>Header Files</Filter>
    </ClInclude>
    <ClInclude Include="D:\study\whres7.5\src\ReferenceCount.hpp">
      <Filter>Header Files</Filter>
    </ClInclude>
    <ClInclude Include="D:\study\whres7.5\src\SignatureEvaluator.hpp">
      <Filter>Header Files</Filter>
    </ClInclude>
    <ClInclude Include="D:\study\whres7.5\src\SignatureParser.hpp">
      <Filter>Header Files</Filter>
    </ClInclude>
    <ClInclude Include="D:\study\whres7.5\src\SlidingStackedWidget.hpp">
      <Filter>Header Files</Filter>
    </ClInclude>
    <ClInclude Include="D:\study\whres7.5\src\ThreadPool.hpp">
      <Filter>Header Files</Filter>
    </ClInclude>
    <ClInclude Include="D:\study\whres7.5\src\types.hpp">
      <Filter>Header Files</Filter>
    </ClInclude>
    <ClInclude Include="todo.hpp">
      <Filter>Header Files</Filter>
    </ClInclude>
    <ClInclude Include="Address.hpp">
      <Filter>Header Files</Filter>
    </ClInclude>
    <ClInclude Include="Arm.hpp">
      <Filter>Header Files</Filter>
    </ClInclude>
  </ItemGroup>
  <ItemGroup>
    <CustomBuild Include="D:\study\whres7.5\src\CMakeFiles\3cb88bcb72d18b69fa76fffaf155d975\qrc_Resource.cpp.rule">
      <Filter>CMake Rules</Filter>
    </CustomBuild>
    <CustomBuild Include="D:\study\whres7.5\src\CMakeLists.txt" />
  </ItemGroup>
  <ItemGroup>
    <None Include="D:\study\whres7.5\src\Resource.qrc" />
  </ItemGroup>
  <ItemGroup>
    <Filter Include="CMake Rules">
      <UniqueIdentifier>{03803091-9C90-3A0C-BB90-C650C4058D37}</UniqueIdentifier>
    </Filter>
    <Filter Include="Header Files">
      <UniqueIdentifier>{C765CB9F-AED9-388E-96F1-0DCF0B0C84D0}</UniqueIdentifier>
    </Filter>
    <Filter Include="Source Files">
      <UniqueIdentifier>{275372D9-41E1-3520-B904-26B65753C751}</UniqueIdentifier>
    </Filter>
  </ItemGroup>
</Project>